<?xml version="1.0" encoding="utf-8"?>
<Project ToolsVersion="4.0" xmlns="http://schemas.microsoft.com/developer/msbuild/2003">
  <ItemGroup>
    <Filter Include="Hazel">
      <UniqueIdentifier>{99294D0D-053E-75BE-CEBF-181E3A9371EF}</UniqueIdentifier>
    </Filter>
    <Filter Include="Hazel\Event">
      <UniqueIdentifier>{AAB91B9B-166F-9490-9F63-8E670B188B94}</UniqueIdentifier>
    </Filter>
    <Filter Include="Hazel\platform">
      <UniqueIdentifier>{2DDE6493-19AC-5899-0240-C9BFEEAC34FE}</UniqueIdentifier>
    </Filter>
    <Filter Include="Hazel\platform\window">
      <UniqueIdentifier>{94AA4238-0017-FE32-C90A-96903536209B}</UniqueIdentifier>
    </Filter>
  </ItemGroup>
  <ItemGroup>
    <ClInclude Include="src\Hazel.h" />
    <ClInclude Include="src\Hazel\Application.h">
      <Filter>Hazel</Filter>
    </ClInclude>
    <ClInclude Include="src\Hazel\Core.h">
      <Filter>Hazel</Filter>
    </ClInclude>
    <ClInclude Include="src\Hazel\EntryPoint.h">
      <Filter>Hazel</Filter>
    </ClInclude>
    <ClInclude Include="src\Hazel\Event\ApplicationEvent.h">
      <Filter>Hazel\Event</Filter>
    </ClInclude>
    <ClInclude Include="src\Hazel\Event\Event.h">
      <Filter>Hazel\Event</Filter>
    </ClInclude>
    <ClInclude Include="src\Hazel\Event\KeyEvent.h">
      <Filter>Hazel\Event</Filter>
    </ClInclude>
    <ClInclude Include="src\Hazel\Event\MouseEvent.h">
      <Filter>Hazel\Event</Filter>
    </ClInclude>
    <ClInclude Include="src\Hazel\Log.h">
      <Filter>Hazel</Filter>
    </ClInclude>
    <ClInclude Include="src\Hazel\platform\window\WindowsWindow.h">
      <Filter>Hazel\platform\window</Filter>
    </ClInclude>
    <ClInclude Include="src\Hazel\window.h">
      <Filter>Hazel</Filter>
    </ClInclude>
    <ClInclude Include="src\hzpch.h" />
  </ItemGroup>
  <ItemGroup>
    <ClCompile Include="src\Hazel\Application.cpp">
      <Filter>Hazel</Filter>
    </ClCompile>
    <ClCompile Include="src\Hazel\Log.cpp">
      <Filter>Hazel</Filter>
    </ClCompile>
    <ClCompile Include="src\Hazel\platform\window\WindowsWindow.cpp">
      <Filter>Hazel\platform\window</Filter>
    </ClCompile>
    <ClCompile Include="src\hzpch.cpp" />
  </ItemGroup>
</Project>